
Microsoft Visual Studio Solution File, Format Version 12.00
# Visual Studio Version 17
VisualStudioVersion = 17.0.31903.59
MinimumVisualStudioVersion = 10.0.40219.1
Project("{9A19103F-16F7-4668-BE54-9A1E7A4F7556}") = "Our.FeatureFlags", "Our.FeatureFlags\Our.FeatureFlags.csproj", "{2614C686-8BF8-41E5-8C7E-48E04DCD989C}"
EndProject
Project("{9A19103F-16F7-4668-BE54-9A1E7A4F7556}") = "FeatureFlags.Site", "Site\FeatureFlags.Site.csproj", "{54ED18F7-3A64-4B42-925F-6CA18CB34E20}"
EndProject
Global
	GlobalSection(SolutionConfigurationPlatforms) = preSolution
		Debug|Any CPU = Debug|Any CPU
		Release|Any CPU = Release|Any CPU
	EndGlobalSection
	GlobalSection(ProjectConfigurationPlatforms) = postSolution
		{2614C686-8BF8-41E5-8C7E-48E04DCD989C}.Debug|Any CPU.ActiveCfg = Debug|Any CPU
		{2614C686-8BF8-41E5-8C7E-48E04DCD989C}.Debug|Any CPU.Build.0 = Debug|Any CPU
		{2614C686-8BF8-41E5-8C7E-48E04DCD989C}.Release|Any CPU.ActiveCfg = Release|Any CPU
		{2614C686-8BF8-41E5-8C7E-48E04DCD989C}.Release|Any CPU.Build.0 = Release|Any CPU
		{54ED18F7-3A64-4B42-925F-6CA18CB34E20}.Debug|Any CPU.ActiveCfg = Debug|Any CPU
		{54ED18F7-3A64-4B42-925F-6CA18CB34E20}.Debug|Any CPU.Build.0 = Debug|Any CPU
		{54ED18F7-3A64-4B42-925F-6CA18CB34E20}.Release|Any CPU.ActiveCfg = Release|Any CPU
		{54ED18F7-3A64-4B42-925F-6CA18CB34E20}.Release|Any CPU.Build.0 = Release|Any CPU
	EndGlobalSection
	GlobalSection(SolutionProperties) = preSolution
		HideSolutionNode = FALSE
	EndGlobalSection
	GlobalSection(ExtensibilityGlobals) = postSolution
		SolutionGuid = {31B2BA2D-421B-4329-B366-8CF5163FF635}
	EndGlobalSection
EndGlobal
